
Microsoft Visual Studio Solution File, Format Version 12.00
# Visual Studio 14
VisualStudioVersion = 14.0.25420.1
MinimumVisualStudioVersion = 10.0.40219.1
Project("{FAE04EC0-301F-11D3-BF4B-00C04F79EFBC}") = "Domain", "Domain\Domain.csproj", "{57FB5D20-91C0-4795-9EC4-835B04B88E13}"
EndProject
Project("{FAE04EC0-301F-11D3-BF4B-00C04F79EFBC}") = "DAL", "DAL\DAL.csproj", "{14146CF5-FCF9-4CB9-A1AE-68FB8C2A97D2}"
EndProject
Project("{FAE04EC0-301F-11D3-BF4B-00C04F79EFBC}") = "BL", "BL\BL.csproj", "{A58BFE5D-280B-4D6D-B5C6-533C6A500A29}"
EndProject
Project("{FAE04EC0-301F-11D3-BF4B-00C04F79EFBC}") = "UI-CA", "UI-CA\UI-CA.csproj", "{0BFF0BCD-85FB-4EAF-A337-E58D7DB67ADA}"
EndProject
Project("{FAE04EC0-301F-11D3-BF4B-00C04F79EFBC}") = "UI-CA-ChatLog", "UI-CA-ChatLog\UI-CA-ChatLog.csproj", "{B511A094-4384-44AF-BBD9-629C9BFA4B79}"
EndProject
Project("{FAE04EC0-301F-11D3-BF4B-00C04F79EFBC}") = "Resources", "Resources\Resources.csproj", "{0E4275BC-9359-4EF6-AFA5-2698A119AC94}"
EndProject
Project("{FAE04EC0-301F-11D3-BF4B-00C04F79EFBC}") = "UI-WinForm", "UI-WinForm\UI-WinForm.csproj", "{37794418-7DDD-48AB-BCFF-DD81B22A40C2}"
EndProject
Global
	GlobalSection(SolutionConfigurationPlatforms) = preSolution
		Debug|Any CPU = Debug|Any CPU
		Release|Any CPU = Release|Any CPU
	EndGlobalSection
	GlobalSection(ProjectConfigurationPlatforms) = postSolution
		{57FB5D20-91C0-4795-9EC4-835B04B88E13}.Debug|Any CPU.ActiveCfg = Debug|Any CPU
		{57FB5D20-91C0-4795-9EC4-835B04B88E13}.Debug|Any CPU.Build.0 = Debug|Any CPU
		{57FB5D20-91C0-4795-9EC4-835B04B88E13}.Release|Any CPU.ActiveCfg = Release|Any CPU
		{57FB5D20-91C0-4795-9EC4-835B04B88E13}.Release|Any CPU.Build.0 = Release|Any CPU
		{14146CF5-FCF9-4CB9-A1AE-68FB8C2A97D2}.Debug|Any CPU.ActiveCfg = Debug|Any CPU
		{14146CF5-FCF9-4CB9-A1AE-68FB8C2A97D2}.Debug|Any CPU.Build.0 = Debug|Any CPU
		{14146CF5-FCF9-4CB9-A1AE-68FB8C2A97D2}.Release|Any CPU.ActiveCfg = Release|Any CPU
		{14146CF5-FCF9-4CB9-A1AE-68FB8C2A97D2}.Release|Any CPU.Build.0 = Release|Any CPU
		{A58BFE5D-280B-4D6D-B5C6-533C6A500A29}.Debug|Any CPU.ActiveCfg = Debug|Any CPU
		{A58BFE5D-280B-4D6D-B5C6-533C6A500A29}.Debug|Any CPU.Build.0 = Debug|Any CPU
		{A58BFE5D-280B-4D6D-B5C6-533C6A500A29}.Debug|Any CPU.Deploy.0 = Debug|Any CPU
		{A58BFE5D-280B-4D6D-B5C6-533C6A500A29}.Release|Any CPU.ActiveCfg = Release|Any CPU
		{A58BFE5D-280B-4D6D-B5C6-533C6A500A29}.Release|Any CPU.Build.0 = Release|Any CPU
		{A58BFE5D-280B-4D6D-B5C6-533C6A500A29}.Release|Any CPU.Deploy.0 = Release|Any CPU
		{0BFF0BCD-85FB-4EAF-A337-E58D7DB67ADA}.Debug|Any CPU.ActiveCfg = Debug|Any CPU
		{0BFF0BCD-85FB-4EAF-A337-E58D7DB67ADA}.Debug|Any CPU.Build.0 = Debug|Any CPU
		{0BFF0BCD-85FB-4EAF-A337-E58D7DB67ADA}.Release|Any CPU.ActiveCfg = Release|Any CPU
		{0BFF0BCD-85FB-4EAF-A337-E58D7DB67ADA}.Release|Any CPU.Build.0 = Release|Any CPU
		{B511A094-4384-44AF-BBD9-629C9BFA4B79}.Debug|Any CPU.ActiveCfg = Debug|Any CPU
		{B511A094-4384-44AF-BBD9-629C9BFA4B79}.Debug|Any CPU.Build.0 = Debug|Any CPU
		{B511A094-4384-44AF-BBD9-629C9BFA4B79}.Release|Any CPU.ActiveCfg = Release|Any CPU
		{B511A094-4384-44AF-BBD9-629C9BFA4B79}.Release|Any CPU.Build.0 = Release|Any CPU
		{0E4275BC-9359-4EF6-AFA5-2698A119AC94}.Debug|Any CPU.ActiveCfg = Debug|Any CPU
		{0E4275BC-9359-4EF6-AFA5-2698A119AC94}.Debug|Any CPU.Build.0 = Debug|Any CPU
		{0E4275BC-9359-4EF6-AFA5-2698A119AC94}.Release|Any CPU.ActiveCfg = Release|Any CPU
		{0E4275BC-9359-4EF6-AFA5-2698A119AC94}.Release|Any CPU.Build.0 = Release|Any CPU
		{37794418-7DDD-48AB-BCFF-DD81B22A40C2}.Debug|Any CPU.ActiveCfg = Debug|Any CPU
		{37794418-7DDD-48AB-BCFF-DD81B22A40C2}.Debug|Any CPU.Build.0 = Debug|Any CPU
		{37794418-7DDD-48AB-BCFF-DD81B22A40C2}.Release|Any CPU.ActiveCfg = Release|Any CPU
		{37794418-7DDD-48AB-BCFF-DD81B22A40C2}.Release|Any CPU.Build.0 = Release|Any CPU
	EndGlobalSection
	GlobalSection(SolutionProperties) = preSolution
		HideSolutionNode = FALSE
	EndGlobalSection
EndGlobal
